
Microsoft Visual Studio Solution File, Format Version 12.00
# Visual Studio Version 17
VisualStudioVersion = 17.3.32825.248
MinimumVisualStudioVersion = 10.0.40219.1
Project("{9A19103F-16F7-4668-BE54-9A1E7A4F7556}") = "moonsharp-benchmark", "moonsharp-benchmark\moonsharp-benchmark.csproj", "{F787FC32-4943-4A04-9A27-FE9926050F73}"
EndProject
Global
	GlobalSection(SolutionConfigurationPlatforms) = preSolution
		Debug|Any CPU = Debug|Any CPU
		Release|Any CPU = Release|Any CPU
	EndGlobalSection
	GlobalSection(ProjectConfigurationPlatforms) = postSolution
		{F787FC32-4943-4A04-9A27-FE9926050F73}.Debug|Any CPU.ActiveCfg = Debug|Any CPU
		{F787FC32-4943-4A04-9A27-FE9926050F73}.Debug|Any CPU.Build.0 = Debug|Any CPU
		{F787FC32-4943-4A04-9A27-FE9926050F73}.Release|Any CPU.ActiveCfg = Release|Any CPU
		{F787FC32-4943-4A04-9A27-FE9926050F73}.Release|Any CPU.Build.0 = Release|Any CPU
	EndGlobalSection
	GlobalSection(SolutionProperties) = preSolution
		HideSolutionNode = FALSE
	EndGlobalSection
	GlobalSection(ExtensibilityGlobals) = postSolution
		SolutionGuid = {CD9E1F9E-99C7-4FED-AF28-BAB72D799C5E}
	EndGlobalSection
EndGlobal
